PODS:
  - EncryptedCoreData (3.1):
    - SQLCipher (~> 3.4.0)
  - Realm (10.7.4):
    - Realm/Headers (= 10.7.4)
  - Realm/Headers (10.7.4)
  - RealmSwift (10.7.4):
    - Realm (= 10.7.4)
  - SQLCipher (3.4.2):
    - SQLCipher/standard (= 3.4.2)
  - SQLCipher/common (3.4.2)
  - SQLCipher/standard (3.4.2):
    - SQLCipher/common

DEPENDENCIES:
  - EncryptedCoreData (from `https://github.com/project-imas/encrypted-core-data.git`)
  - RealmSwift (= 10.7.4)

SPEC REPOS:
  trunk:
    - Realm
    - RealmSwift
    - SQLCipher

EXTERNAL SOURCES:
  EncryptedCoreData:
    :git: https://github.com/project-imas/encrypted-core-data.git

CHECKOUT OPTIONS:
  EncryptedCoreData:
    :commit: b97ffaf2f19dad4d1558bc9b0668cc2e09d17347
    :git: https://github.com/project-imas/encrypted-core-data.git

SPEC CHECKSUMS:
  EncryptedCoreData: f6762fb05f88a52f36c5648659abc91b57f244b4
  Realm: f08ce1a85649a41303ecfe1cbd914c62e9e6d710
  RealmSwift: 60ec49d165f23d040ab48811d8dd177e09baf4d3
  SQLCipher: f9fcf29b2e59ced7defc2a2bdd0ebe79b40d4990

PODFILE CHECKSUM: 8fb8d131a687944019fc009a07428b22846526b0

COCOAPODS: 1.11.2
